PODS:
  - NumberSpellOutFormatter (1.0.0):
    - NumberSpellOutFormatter/precompiled (= 1.0.0)
  - NumberSpellOutFormatter/precompiled (1.0.0)
  - NumberSpellOutFormatter/Tests (1.0.0)

DEPENDENCIES:
  - NumberSpellOutFormatter (from `../`)
  - NumberSpellOutFormatter/Tests (from `../`)

EXTERNAL SOURCES:
  NumberSpellOutFormatter:
    :path: "../"

SPEC CHECKSUMS:
  NumberSpellOutFormatter: 500c0dfd232b120e15055da266e2ef5bfb9fc28d

PODFILE CHECKSUM: dac37676ed9345ddfb8902ebb3c9247ebf7b4248

COCOAPODS: 1.5.3
